PODS:
  - Capacitor (4.5.0):
    - CapacitorCordova
  - CapacitorApp (4.1.1):
    - Capacitor
  - CapacitorBrowser (4.1.0):
    - Capacitor
  - CapacitorCamera (4.1.4):
    - Capacitor
  - CapacitorClipboard (4.1.0):
    - Capacitor
  - CapacitorCommunityBarcodeScanner (3.0.1):
    - Capacitor
  - CapacitorCommunityFileOpener (1.0.4):
    - Capacitor
  - CapacitorCommunityScreenBrightness (4.0.0):
    - Capacitor
  - CapacitorCommunitySqlite (4.2.2):
    - Capacitor
    - SQLCipher
    - ZIPFoundation
  - CapacitorCordova (4.5.0)
  - CapacitorFilesystem (4.1.5):
    - Capacitor
  - CapacitorGeolocation (4.1.0):
    - Capacitor
  - CapacitorIosAutofillSavePassword (1.1.4):
    - Capacitor
  - CapacitorKeyboard (4.1.0):
    - Capacitor
  - CapacitorLocalNotifications (4.1.3):
    - Capacitor
  - CapacitorNetwork (4.1.0):
    - Capacitor
  - CapacitorPushNotifications (4.1.2):
    - Capacitor
  - CapacitorShare (4.1.0):
    - Capacitor
  - CapacitorSplashScreen (4.1.2):
    - Capacitor
  - CapacitorStatusBar (4.1.0):
    - Capacitor
  - CocoaLumberjack (3.7.2):
    - CocoaLumberjack/Core (= 3.7.2)
  - CocoaLumberjack/Core (3.7.2)
  - CordovaPlugins (4.5.0):
    - CapacitorCordova
  - Firebase/CoreOnly (8.9.1):
    - FirebaseCore (= 8.9.1)
  - Firebase/Messaging (8.9.1):
    - Firebase/CoreOnly
    - FirebaseMessaging (~> 8.9.0)
  - FirebaseCore (8.9.1):
    - FirebaseCoreDiagnostics (~> 8.0)
    - GoogleUtilities/Environment (~> 7.6)
    - GoogleUtilities/Logger (~> 7.6)
  - FirebaseCoreDiagnostics (8.9.0):
    - GoogleDataTransport (~> 9.1)
    - GoogleUtilities/Environment (~> 7.6)
    - GoogleUtilities/Logger (~> 7.6)
    - nanopb (~> 2.30908.0)
  - FirebaseInstallations (8.9.0):
    - FirebaseCore (~> 8.0)
    - GoogleUtilities/Environment (~> 7.6)
    - GoogleUtilities/UserDefaults (~> 7.6)
    - PromisesObjC (< 3.0, >= 1.2)
  - FirebaseMessaging (8.9.0):
    - FirebaseCore (~> 8.0)
    - FirebaseInstallations (~> 8.0)
    - GoogleDataTransport (~> 9.1)
    - GoogleUtilities/AppDelegateSwizzler (~> 7.6)
    - GoogleUtilities/Environment (~> 7.6)
    - GoogleUtilities/Reachability (~> 7.6)
    - GoogleUtilities/UserDefaults (~> 7.6)
    - nanopb (~> 2.30908.0)
  - GoogleDataTransport (9.1.2):
    - GoogleUtilities/Environment (~> 7.2)
    - nanopb (~> 2.30908.0)
    - PromisesObjC (< 3.0, >= 1.2)
  - GoogleUtilities/AppDelegateSwizzler (7.6.0):
    - GoogleUtilities/Environment
    - GoogleUtilities/Logger
    - GoogleUtilities/Network
  - GoogleUtilities/Environment (7.6.0):
    - PromisesObjC (< 3.0, >= 1.2)
  - GoogleUtilities/Logger (7.6.0):
    - GoogleUtilities/Environment
  - GoogleUtilities/Network (7.6.0):
    - GoogleUtilities/Logger
    - "GoogleUtilities/NSData+zlib"
    - GoogleUtilities/Reachability
  - "GoogleUtilities/NSData+zlib (7.6.0)"
  - GoogleUtilities/Reachability (7.6.0):
    - GoogleUtilities/Logger
  - GoogleUtilities/UserDefaults (7.6.0):
    - GoogleUtilities/Logger
  - nanopb (2.30908.0):
    - nanopb/decode (= 2.30908.0)
    - nanopb/encode (= 2.30908.0)
  - nanopb/decode (2.30908.0)
  - nanopb/encode (2.30908.0)
  - PromisesObjC (2.0.0)
  - SQLCipher (4.5.2):
    - SQLCipher/standard (= 4.5.2)
  - SQLCipher/common (4.5.2)
  - SQLCipher/standard (4.5.2):
    - SQLCipher/common
  - TransistorsoftCapacitorBackgroundFetch (1.0.2):
    - Capacitor
  - TransistorsoftCapacitorBackgroundGeolocation (4.9.3):
    - Capacitor
    - CocoaLumberjack (~> 3.7.2)
  - ZIPFoundation (0.9.15)

DEPENDENCIES:
  - "Capacitor (from `../../node_modules/@capacitor/ios`)"
  - "CapacitorApp (from `../../node_modules/@capacitor/app`)"
  - "CapacitorBrowser (from `../../node_modules/@capacitor/browser`)"
  - "CapacitorCamera (from `../../node_modules/@capacitor/camera`)"
  - "CapacitorClipboard (from `../../node_modules/@capacitor/clipboard`)"
  - "CapacitorCommunityBarcodeScanner (from `../../node_modules/@capacitor-community/barcode-scanner`)"
  - "CapacitorCommunityFileOpener (from `../../node_modules/@capacitor-community/file-opener`)"
  - "CapacitorCommunityScreenBrightness (from `../../node_modules/@capacitor-community/screen-brightness`)"
  - "CapacitorCommunitySqlite (from `../../node_modules/@capacitor-community/sqlite`)"
  - "CapacitorCordova (from `../../node_modules/@capacitor/ios`)"
  - "CapacitorFilesystem (from `../../node_modules/@capacitor/filesystem`)"
  - "CapacitorGeolocation (from `../../node_modules/@capacitor/geolocation`)"
  - CapacitorIosAutofillSavePassword (from `../../node_modules/capacitor-ios-autofill-save-password`)
  - "CapacitorKeyboard (from `../../node_modules/@capacitor/keyboard`)"
  - "CapacitorLocalNotifications (from `../../node_modules/@capacitor/local-notifications`)"
  - "CapacitorNetwork (from `../../node_modules/@capacitor/network`)"
  - "CapacitorPushNotifications (from `../../node_modules/@capacitor/push-notifications`)"
  - "CapacitorShare (from `../../node_modules/@capacitor/share`)"
  - "CapacitorSplashScreen (from `../../node_modules/@capacitor/splash-screen`)"
  - "CapacitorStatusBar (from `../../node_modules/@capacitor/status-bar`)"
  - CordovaPlugins (from `../capacitor-cordova-ios-plugins`)
  - Firebase/Messaging
  - "TransistorsoftCapacitorBackgroundFetch (from `../../node_modules/@transistorsoft/capacitor-background-fetch`)"
  - "TransistorsoftCapacitorBackgroundGeolocation (from `../../node_modules/@transistorsoft/capacitor-background-geolocation`)"

SPEC REPOS:
  trunk:
    - CocoaLumberjack
    - Firebase
    - FirebaseCore
    - FirebaseCoreDiagnostics
    - FirebaseInstallations
    - FirebaseMessaging
    - GoogleDataTransport
    - GoogleUtilities
    - nanopb
    - PromisesObjC
    - SQLCipher
    - ZIPFoundation

EXTERNAL SOURCES:
  Capacitor:
    :path: "../../node_modules/@capacitor/ios"
  CapacitorApp:
    :path: "../../node_modules/@capacitor/app"
  CapacitorBrowser:
    :path: "../../node_modules/@capacitor/browser"
  CapacitorCamera:
    :path: "../../node_modules/@capacitor/camera"
  CapacitorClipboard:
    :path: "../../node_modules/@capacitor/clipboard"
  CapacitorCommunityBarcodeScanner:
    :path: "../../node_modules/@capacitor-community/barcode-scanner"
  CapacitorCommunityFileOpener:
    :path: "../../node_modules/@capacitor-community/file-opener"
  CapacitorCommunityScreenBrightness:
    :path: "../../node_modules/@capacitor-community/screen-brightness"
  CapacitorCommunitySqlite:
    :path: "../../node_modules/@capacitor-community/sqlite"
  CapacitorCordova:
    :path: "../../node_modules/@capacitor/ios"
  CapacitorFilesystem:
    :path: "../../node_modules/@capacitor/filesystem"
  CapacitorGeolocation:
    :path: "../../node_modules/@capacitor/geolocation"
  CapacitorIosAutofillSavePassword:
    :path: "../../node_modules/capacitor-ios-autofill-save-password"
  CapacitorKeyboard:
    :path: "../../node_modules/@capacitor/keyboard"
  CapacitorLocalNotifications:
    :path: "../../node_modules/@capacitor/local-notifications"
  CapacitorNetwork:
    :path: "../../node_modules/@capacitor/network"
  CapacitorPushNotifications:
    :path: "../../node_modules/@capacitor/push-notifications"
  CapacitorShare:
    :path: "../../node_modules/@capacitor/share"
  CapacitorSplashScreen:
    :path: "../../node_modules/@capacitor/splash-screen"
  CapacitorStatusBar:
    :path: "../../node_modules/@capacitor/status-bar"
  CordovaPlugins:
    :path: "../capacitor-cordova-ios-plugins"
  TransistorsoftCapacitorBackgroundFetch:
    :path: "../../node_modules/@transistorsoft/capacitor-background-fetch"
  TransistorsoftCapacitorBackgroundGeolocation:
    :path: "../../node_modules/@transistorsoft/capacitor-background-geolocation"

SPEC CHECKSUMS:
  Capacitor: 94ea746d6b460711feb030f0f6585680fd4599ad
  CapacitorApp: acd42fe8561fe751ad5b5f459aa85e6acd7bee24
  CapacitorBrowser: 05b68799d62b7b864974f59a5af3e4ddcce953f1
  CapacitorCamera: 8e1f9eac46c6a0b7df5619d20f021d852ccaa99a
  CapacitorClipboard: 4c092a2608520afb799429e63820256c3a59f1e5
  CapacitorCommunityBarcodeScanner: db2c9d3fdaeb22807afa497389d934185af4972a
  CapacitorCommunityFileOpener: 8ab576526c40d96c06ff8f32b6aa7013da3a07f7
  CapacitorCommunityScreenBrightness: 6a93c0c7c2792cc1b8db704f7a7774830bed50c1
  CapacitorCommunitySqlite: ed2a34ae2aeec4a99e9f410ce9ccca8e76d225d7
  CapacitorCordova: 1ba7a0509217944974297afab40fec6093e93848
  CapacitorFilesystem: db8deb7b98de37c118e2d5ff4cd1c0d0576c6d33
  CapacitorGeolocation: e792888b4eca5cf31ed984491b645d42666278cb
  CapacitorIosAutofillSavePassword: af45efffe66060ecd17bf62a7262152145f722aa
  CapacitorKeyboard: 3c14461fb337847524357151edbbe4229bda83c8
  CapacitorLocalNotifications: 25de6516db2d67baf27a664676b97bf701983f49
  CapacitorNetwork: 7126b3d2d23ca60d5ac0d8d2ecccfab0b1f305c6
  CapacitorPushNotifications: b59c99fb4041a4f2c450f9287d158cca48a788f0
  CapacitorShare: d81b40de329187f4669ad8a40ce90fe2bbe3eecd
  CapacitorSplashScreen: 58602bb275ecbc4a7957b4cdf93497db24ae2289
  CapacitorStatusBar: 2250cf1e42d323db943ee0fbec1a1bc71ab5dd64
  CocoaLumberjack: b7e05132ff94f6ae4dfa9d5bce9141893a21d9da
  CordovaPlugins: 260782a0f0a954ed033a57e0a1c2804aebdaea92
  Firebase: fb5114cd2bf96e2ff7bcb01d0d9a156cf5fd2f07
  FirebaseCore: c5aab092d9c4b8efea894946166b04c9d9ef0e68
  FirebaseCoreDiagnostics: 5daa63f1c1409d981a2d5007daa100b36eac6a34
  FirebaseInstallations: caa7c8e0d3e2345b8829d2fa9ca1b4dfbf2fcc85
  FirebaseMessaging: 82c4a48638f53f7b184f3cc9f6cd2cbe533ab316
  GoogleDataTransport: 629c20a4d363167143f30ea78320d5a7eb8bd940
  GoogleUtilities: 684ee790a24f73ebb2d1d966e9711c203f2a4237
  nanopb: a0ba3315591a9ae0a16a309ee504766e90db0c96
  PromisesObjC: 68159ce6952d93e17b2dfe273b8c40907db5ba58
  SQLCipher: f5b4857434158b571a3ed3b10b3b43cd18ef5f67
  TransistorsoftCapacitorBackgroundFetch: 74ca62dae7ec78639eaf3d0d1e24c595ada213dd
  TransistorsoftCapacitorBackgroundGeolocation: 9a46d580cae83f080d271885afcf99b2b0cb5e6d
  ZIPFoundation: 063163dc828bf699c5be160eb4f58f676322d94f

PODFILE CHECKSUM: c2e034f82edb356ba013b9d04c0a9edaeb4033e6

COCOAPODS: 1.12.1
